{
	"name": "node-dweetio",
	"version": "0.0.13",
	"lockfileVersion": 1,
	"requires": true,
	"dependencies": {
		"after": {
			"version": "0.8.2",
			"resolved": "https://registry.npmjs.org/after/-/after-0.8.2.tgz",
			"integrity": "sha1-/ts5T58OAqqXaOcCvaI7UF+ufh8="
		},
		"arraybuffer.slice": {
			"version": "0.0.7",
			"resolved": "https://registry.npmjs.org/arraybuffer.slice/-/arraybuffer.slice-0.0.7.tgz",
			"integrity": "sha512-wGUIVQXuehL5TCqQun8OW81jGzAWycqzFF8lFp+GOM5BXLYj3bKNsYC4daB7n6XjCqxQA/qgTJ+8ANR3acjrog=="
		},
		"asn1": {
			"version": "0.1.11",
			"resolved": "https://registry.npmjs.org/asn1/-/asn1-0.1.11.tgz",
			"integrity": "sha1-VZvhg3bQik7E2+gId9J4GGObLfc=",
			"optional": true
		},
		"assert-plus": {
			"version": "0.1.5",
			"resolved": "https://registry.npmjs.org/assert-plus/-/assert-plus-0.1.5.tgz",
			"integrity": "sha1-7nQAlBMALYTOxyGcasgRgS5yMWA=",
			"optional": true
		},
		"async": {
			"version": "0.9.2",
			"resolved": "https://registry.npmjs.org/async/-/async-0.9.2.tgz",
			"integrity": "sha1-rqdNXmHB+JlhO/ZL2mbUx48v0X0=",
			"optional": true
		},
		"async-limiter": {
			"version": "1.0.0",
			"resolved": "https://registry.npmjs.org/async-limiter/-/async-limiter-1.0.0.tgz",
			"integrity": "sha512-jp/uFnooOiO+L211eZOoSyzpOITMXx1rBITauYykG3BRYPu8h0UcxsPNB04RR5vo4Tyz3+ay17tR6JVf9qzYWg=="
		},
		"aws-sign2": {
			"version": "0.5.0",
			"resolved": "https://registry.npmjs.org/aws-sign2/-/aws-sign2-0.5.0.tgz",
			"integrity": "sha1-xXED96F/wDfwLXwuZLYC6iI/fWM=",
			"optional": true
		},
		"backo2": {
			"version": "1.0.2",
			"resolved": "https://registry.npmjs.org/backo2/-/backo2-1.0.2.tgz",
			"integrity": "sha1-MasayLEpNjRj41s+u2n038+6eUc="
		},
		"base64-arraybuffer": {
			"version": "0.1.5",
			"resolved": "https://registry.npmjs.org/base64-arraybuffer/-/base64-arraybuffer-0.1.5.tgz",
			"integrity": "sha1-c5JncZI7Whl0etZmqlzUv5xunOg="
		},
		"better-assert": {
			"version": "1.0.2",
			"resolved": "https://registry.npmjs.org/better-assert/-/better-assert-1.0.2.tgz",
			"integrity": "sha1-QIZrnhueC1W0gYlDEeaPr/rrxSI=",
			"requires": {
				"callsite": "1.0.0"
			}
		},
		"blob": {
			"version": "0.0.4",
			"resolved": "https://registry.npmjs.org/blob/-/blob-0.0.4.tgz",
			"integrity": "sha1-vPEwUspURj8w+fx+lbmkdjCpSSE="
		},
		"boom": {
			"version": "0.4.2",
			"resolved": "https://registry.npmjs.org/boom/-/boom-0.4.2.tgz",
			"integrity": "sha1-emNune1O/O+xnO9JR6PGffrukRs=",
			"requires": {
				"hoek": "0.9.1"
			}
		},
		"callsite": {
			"version": "1.0.0",
			"resolved": "https://registry.npmjs.org/callsite/-/callsite-1.0.0.tgz",
			"integrity": "sha1-KAOY5dZkvXQDi28JBRU+borxvCA="
		},
		"combined-stream": {
			"version": "0.0.7",
			"resolved": "https://registry.npmjs.org/combined-stream/-/combined-stream-0.0.7.tgz",
			"integrity": "sha1-ATfmV7qlp1QcV6w3rF/AfXO03B8=",
			"optional": true,
			"requires": {
				"delayed-stream": "0.0.5"
			}
		},
		"component-bind": {
			"version": "1.0.0",
			"resolved": "https://registry.npmjs.org/component-bind/-/component-bind-1.0.0.tgz",
			"integrity": "sha1-AMYIq33Nk4l8AAllGx06jh5zu9E="
		},
		"component-emitter": {
			"version": "1.2.1",
			"resolved": "https://registry.npmjs.org/component-emitter/-/component-emitter-1.2.1.tgz",
			"integrity": "sha1-E3kY1teCg/ffemt8WmPhQOaUJeY="
		},
		"component-inherit": {
			"version": "0.0.3",
			"resolved": "https://registry.npmjs.org/component-inherit/-/component-inherit-0.0.3.tgz",
			"integrity": "sha1-ZF/ErfWLcrZJ1crmUTVhnbJv8UM="
		},
		"cryptiles": {
			"version": "0.2.2",
			"resolved": "https://registry.npmjs.org/cryptiles/-/cryptiles-0.2.2.tgz",
			"integrity": "sha1-7ZH/HxetE9N0gohZT4pIoNJvMlw=",
			"optional": true,
			"requires": {
				"boom": "0.4.2"
			}
		},
		"ctype": {
			"version": "0.5.3",
			"resolved": "https://registry.npmjs.org/ctype/-/ctype-0.5.3.tgz",
			"integrity": "sha1-gsGMJGH3QRTvFsE1IkrQuRRMoS8=",
			"optional": true
		},
		"debug": {
			"version": "2.6.9",
			"resolved": "https://registry.npmjs.org/debug/-/debug-2.6.9.tgz",
			"integrity": "sha512-bC7ElrdJaJnPbAP+1EotYvqZsb3ecl5wi6Bfi6BJTUcNowp6cvspg0jXznRTKDjm/E7AdgFBVeAPVMNcKGsHMA==",
			"requires": {
				"ms": "2.0.0"
			}
		},
		"delayed-stream": {
			"version": "0.0.5",
			"resolved": "https://registry.npmjs.org/delayed-stream/-/delayed-stream-0.0.5.tgz",
			"integrity": "sha1-1LH0OpPoKW3+AmlPRoC8N6MTxz8=",
			"optional": true
		},
		"engine.io-client": {
			"version": "3.1.4",
			"resolved": "https://registry.npmjs.org/engine.io-client/-/engine.io-client-3.1.4.tgz",
			"integrity": "sha1-T88TcLRxY70s6b4nM5ckMDUNTqE=",
			"requires": {
				"component-emitter": "1.2.1",
				"component-inherit": "0.0.3",
				"debug": "2.6.9",
				"engine.io-parser": "2.1.2",
				"has-cors": "1.1.0",
				"indexof": "0.0.1",
				"parseqs": "0.0.5",
				"parseuri": "0.0.5",
				"ws": "3.3.3",
				"xmlhttprequest-ssl": "1.5.5",
				"yeast": "0.1.2"
			}
		},
		"engine.io-parser": {
			"version": "2.1.2",
			"resolved": "https://registry.npmjs.org/engine.io-parser/-/engine.io-parser-2.1.2.tgz",
			"integrity": "sha512-dInLFzr80RijZ1rGpx1+56/uFoH7/7InhH3kZt+Ms6hT8tNx3NGW/WNSA/f8As1WkOfkuyb3tnRyuXGxusclMw==",
			"requires": {
				"after": "0.8.2",
				"arraybuffer.slice": "0.0.7",
				"base64-arraybuffer": "0.1.5",
				"blob": "0.0.4",
				"has-binary2": "1.0.2"
			}
		},
		"forever-agent": {
			"version": "0.5.2",
			"resolved": "https://registry.npmjs.org/forever-agent/-/forever-agent-0.5.2.tgz",
			"integrity": "sha1-bQ4JxJIflKJ/Y9O0nF/v8epMUTA="
		},
		"form-data": {
			"version": "0.1.4",
			"resolved": "https://registry.npmjs.org/form-data/-/form-data-0.1.4.tgz",
			"integrity": "sha1-kavXiKupcCsaq/qLwBAxoqyeOxI=",
			"optional": true,
			"requires": {
				"async": "0.9.2",
				"combined-stream": "0.0.7",
				"mime": "1.2.11"
			}
		},
		"has-binary2": {
			"version": "1.0.2",
			"resolved": "https://registry.npmjs.org/has-binary2/-/has-binary2-1.0.2.tgz",
			"integrity": "sha1-6D26SfC5vk0CbSc2U1DZ8D9Uvpg=",
			"requires": {
				"isarray": "2.0.1"
			}
		},
		"has-cors": {
			"version": "1.1.0",
			"resolved": "https://registry.npmjs.org/has-cors/-/has-cors-1.1.0.tgz",
			"integrity": "sha1-XkdHk/fqmEPRu5nCPu9J/xJv/zk="
		},
		"hawk": {
			"version": "1.0.0",
			"resolved": "https://registry.npmjs.org/hawk/-/hawk-1.0.0.tgz",
			"integrity": "sha1-uQuxaYByhUEdp//LjdJZhQLTtS0=",
			"optional": true,
			"requires": {
				"boom": "0.4.2",
				"cryptiles": "0.2.2",
				"hoek": "0.9.1",
				"sntp": "0.2.4"
			}
		},
		"hoek": {
			"version": "0.9.1",
			"resolved": "https://registry.npmjs.org/hoek/-/hoek-0.9.1.tgz",
			"integrity": "sha1-PTIkYrrfB3Fup+uFuviAec3c5QU="
		},
		"http-signature": {
			"version": "0.10.1",
			"resolved": "https://registry.npmjs.org/http-signature/-/http-signature-0.10.1.tgz",
			"integrity": "sha1-T72sEyVZqoMjEh5UB3nAoBKyfmY=",
			"optional": true,
			"requires": {
				"asn1": "0.1.11",
				"assert-plus": "0.1.5",
				"ctype": "0.5.3"
			}
		},
		"indexof": {
			"version": "0.0.1",
			"resolved": "https://registry.npmjs.org/indexof/-/indexof-0.0.1.tgz",
			"integrity": "sha1-gtwzbSMrkGIXnQWrMpOmYFn9Q10="
		},
		"isarray": {
			"version": "2.0.1",
			"resolved": "https://registry.npmjs.org/isarray/-/isarray-2.0.1.tgz",
			"integrity": "sha1-o32U7ZzaLVmGXJ92/llu4fM4dB4="
		},
		"json-stringify-safe": {
			"version": "5.0.1",
			"resolved": "https://registry.npmjs.org/json-stringify-safe/-/json-stringify-safe-5.0.1.tgz",
			"integrity": "sha1-Epai1Y/UXxmg9s4B1lcB4sc1tus="
		},
		"mime": {
			"version": "1.2.11",
			"resolved": "https://registry.npmjs.org/mime/-/mime-1.2.11.tgz",
			"integrity": "sha1-WCA+7Ybjpe8XrtK32evUfwpg3RA="
		},
		"ms": {
			"version": "2.0.0",
			"resolved": "https://registry.npmjs.org/ms/-/ms-2.0.0.tgz",
			"integrity": "sha1-VgiurfwAvmwpAd9fmGF4jeDVl8g="
		},
		"node-uuid": {
			"version": "1.4.8",
			"resolved": "https://registry.npmjs.org/node-uuid/-/node-uuid-1.4.8.tgz",
			"integrity": "sha1-sEDrCSOWivq/jTL7HxfxFn/auQc="
		},
		"oauth-sign": {
			"version": "0.3.0",
			"resolved": "https://registry.npmjs.org/oauth-sign/-/oauth-sign-0.3.0.tgz",
			"integrity": "sha1-y1QPk7srIqfVlBaRoojWDo6pOG4=",
			"optional": true
		},
		"object-component": {
			"version": "0.0.3",
			"resolved": "https://registry.npmjs.org/object-component/-/object-component-0.0.3.tgz",
			"integrity": "sha1-8MaapQ78lbhmwYb0AKM3acsvEpE="
		},
		"parseqs": {
			"version": "0.0.5",
			"resolved": "https://registry.npmjs.org/parseqs/-/parseqs-0.0.5.tgz",
			"integrity": "sha1-1SCKNzjkZ2bikbouoXNoSSGouJ0=",
			"requires": {
				"better-assert": "1.0.2"
			}
		},
		"parseuri": {
			"version": "0.0.5",
			"resolved": "https://registry.npmjs.org/parseuri/-/parseuri-0.0.5.tgz",
			"integrity": "sha1-gCBKUNTbt3m/3G6+J3jZDkvOMgo=",
			"requires": {
				"better-assert": "1.0.2"
			}
		},
		"punycode": {
			"version": "1.4.1",
			"resolved": "https://registry.npmjs.org/punycode/-/punycode-1.4.1.tgz",
			"integrity": "sha1-wNWmOycYgArY4esPpSachN1BhF4=",
			"optional": true
		},
		"qs": {
			"version": "0.6.6",
			"resolved": "https://registry.npmjs.org/qs/-/qs-0.6.6.tgz",
			"integrity": "sha1-bgFQmP9RlouKPIGQAdXyyJvEsQc="
		},
		"request": {
			"version": "2.33.0",
			"resolved": "https://registry.npmjs.org/request/-/request-2.33.0.tgz",
			"integrity": "sha1-UWeHgTFyYHDsYzdS6iMKI3ncZf8=",
			"requires": {
				"aws-sign2": "0.5.0",
				"forever-agent": "0.5.2",
				"form-data": "0.1.4",
				"hawk": "1.0.0",
				"http-signature": "0.10.1",
				"json-stringify-safe": "5.0.1",
				"mime": "1.2.11",
				"node-uuid": "1.4.8",
				"oauth-sign": "0.3.0",
				"qs": "0.6.6",
				"tough-cookie": "2.3.3",
				"tunnel-agent": "0.3.0"
			}
		},
		"safe-buffer": {
			"version": "5.1.1",
			"resolved": "https://registry.npmjs.org/safe-buffer/-/safe-buffer-5.1.1.tgz",
			"integrity": "sha512-kKvNJn6Mm93gAczWVJg7wH+wGYWNrDHdWvpUmHyEsgCtIwwo3bqPtV4tR5tuPaUhTOo/kvhVwd8XwwOllGYkbg=="
		},
		"should": {
			"version": "3.1.2",
			"resolved": "https://registry.npmjs.org/should/-/should-3.1.2.tgz",
			"integrity": "sha1-S8IGJT1zbC+5AhU0d5gsKy6YjAI=",
			"dev": true
		},
		"sntp": {
			"version": "0.2.4",
			"resolved": "https://registry.npmjs.org/sntp/-/sntp-0.2.4.tgz",
			"integrity": "sha1-+4hfGLDzqtGJ+CSGJTa87ux1CQA=",
			"optional": true,
			"requires": {
				"hoek": "0.9.1"
			}
		},
		"socket.io-client": {
			"version": "2.0.4",
			"resolved": "https://registry.npmjs.org/socket.io-client/-/socket.io-client-2.0.4.tgz",
			"integrity": "sha1-CRilUkBtxeVAs4Dc2Xr8SmQzL44=",
			"requires": {
				"backo2": "1.0.2",
				"base64-arraybuffer": "0.1.5",
				"component-bind": "1.0.0",
				"component-emitter": "1.2.1",
				"debug": "2.6.9",
				"engine.io-client": "3.1.4",
				"has-cors": "1.1.0",
				"indexof": "0.0.1",
				"object-component": "0.0.3",
				"parseqs": "0.0.5",
				"parseuri": "0.0.5",
				"socket.io-parser": "3.1.2",
				"to-array": "0.1.4"
			}
		},
		"socket.io-parser": {
			"version": "3.1.2",
			"resolved": "https://registry.npmjs.org/socket.io-parser/-/socket.io-parser-3.1.2.tgz",
			"integrity": "sha1-28IoIVH8T6675Aru3Ady66YZ9/I=",
			"requires": {
				"component-emitter": "1.2.1",
				"debug": "2.6.9",
				"has-binary2": "1.0.2",
				"isarray": "2.0.1"
			}
		},
		"to-array": {
			"version": "0.1.4",
			"resolved": "https://registry.npmjs.org/to-array/-/to-array-0.1.4.tgz",
			"integrity": "sha1-F+bBH3PdTz10zaek/zI46a2b+JA="
		},
		"tough-cookie": {
			"version": "2.3.3",
			"resolved": "https://registry.npmjs.org/tough-cookie/-/tough-cookie-2.3.3.tgz",
			"integrity": "sha1-C2GKVWW23qkL80JdBNVe3EdadWE=",
			"optional": true,
			"requires": {
				"punycode": "1.4.1"
			}
		},
		"tunnel-agent": {
			"version": "0.3.0",
			"resolved": "https://registry.npmjs.org/tunnel-agent/-/tunnel-agent-0.3.0.tgz",
			"integrity": "sha1-rWgbaPUyGtKCfEz7G31d8s/pQu4=",
			"optional": true
		},
		"ultron": {
			"version": "1.1.1",
			"resolved": "https://registry.npmjs.org/ultron/-/ultron-1.1.1.tgz",
			"integrity": "sha512-UIEXBNeYmKptWH6z8ZnqTeS8fV74zG0/eRU9VGkpzz+LIJNs8W/zM/L+7ctCkRrgbNnnR0xxw4bKOr0cW0N0Og=="
		},
		"uuid": {
			"version": "1.4.1",
			"resolved": "https://registry.npmjs.org/uuid/-/uuid-1.4.1.tgz",
			"integrity": "sha1-ozeChYDUJuN1uO4RvSv5AaWW4Lg=",
			"dev": true
		},
		"ws": {
			"version": "3.3.3",
			"resolved": "https://registry.npmjs.org/ws/-/ws-3.3.3.tgz",
			"integrity": "sha512-nnWLa/NwZSt4KQJu51MYlCcSQ5g7INpOrOMt4XV8j4dqTXdmlUmSHQ8/oLC069ckre0fRsgfvsKwbTdtKLCDkA==",
			"requires": {
				"async-limiter": "1.0.0",
				"safe-buffer": "5.1.1",
				"ultron": "1.1.1"
			}
		},
		"xmlhttprequest-ssl": {
			"version": "1.5.5",
			"resolved": "https://registry.npmjs.org/xmlhttprequest-ssl/-/xmlhttprequest-ssl-1.5.5.tgz",
			"integrity": "sha1-wodrBhaKrcQOV9l+gRkayPQ5iz4="
		},
		"yeast": {
			"version": "0.1.2",
			"resolved": "https://registry.npmjs.org/yeast/-/yeast-0.1.2.tgz",
			"integrity": "sha1-AI4G2AlDIMNy28L47XagymyKxBk="
		}
	}
}
